# This file was autogenerated by Stack.
# You should not edit this file by hand.
# For more information, please see the documentation at:
#   https://docs.haskellstack.org/en/stable/lock_files

packages:
- completed:
    hackage: split-0.2.3.5@sha256:f472fa7019647cacac3267742a6f7ac0a5c816f9890e80e4b826cd937436de87,2646
    pantry-tree:
      sha256: 516449cf535bbfc78cf1a5795d28dd1e0f19b65a07c33a78b45566101fecc534
      size: 439
  original:
    hackage: split-0.2.3.5
snapshots:
- completed:
    sha256: fc39d8afc97531d53d87b10abdef593bce503c0c1e46c2e9a84ebcbc78bf8470
    size: 648432
    url: https://raw.githubusercontent.com/commercialhaskell/stackage-snapshots/master/lts/20/2.yaml
  original:
    url: https://raw.githubusercontent.com/commercialhaskell/stackage-snapshots/master/lts/20/2.yaml
